{
  "requires": true,
  "lockfileVersion": 1,
  "dependencies": {
    "@clr/angular": {
      "version": "2.3.6",
      "resolved": "https://registry.npmjs.org/@clr/angular/-/angular-2.3.6.tgz",
      "integrity": "sha512-iHu2BNMmJU9Z++5dbFMdu8ovrEqiWr75NtAeA6RsVeBVGTyoIFVQJAPZwDBZLF5moFvqXcgODO+wNfizoddpSw==",
      "requires": {
        "tslib": "^1.9.0"
      }
    },
    "@clr/icons": {
      "version": "2.3.6",
      "resolved": "https://registry.npmjs.org/@clr/icons/-/icons-2.3.6.tgz",
      "integrity": "sha512-NtF/jDfluzZwyzQh7IMksII2ahaJ7l2y/aO3phK5x9SpyRtNKWG077lCXlTxT9fp4PeOsAMz2JvnpumGmBBlWQ=="
    },
    "@clr/ui": {
      "version": "2.3.6",
      "resolved": "https://registry.npmjs.org/@clr/ui/-/ui-2.3.6.tgz",
      "integrity": "sha512-OV23qXa+ln8eNYWabgtow7APGMokFz5gBWHie2GO1UKi4o1YiR5VjPC2RFZR8dEF+euTlvU0MC0L91FM4ZZaUw=="
    },
    "@webcomponents/custom-elements": {
      "version": "1.0.0",
      "resolved": "https://registry.npmjs.org/@webcomponents/custom-elements/-/custom-elements-1.0.0.tgz",
      "integrity": "sha1-sXJuEgdLVWqjG5Pzb/agOkNSWcQ="
    },
    "primeng": {
      "version": "9.0.0-rc.2",
      "resolved": "https://registry.npmjs.org/primeng/-/primeng-9.0.0-rc.2.tgz",
      "integrity": "sha512-k4omQrUe+Ul/Uk9xk4VWJE8f4kUMugP0T/i+q3Zqc7J/op920UNdovE5ZcquVtUIjYNqsh7VfWzYaNFogjysIg=="
    },
    "tslib": {
      "version": "1.10.0",
      "resolved": "https://registry.npmjs.org/tslib/-/tslib-1.10.0.tgz",
      "integrity": "sha512-qOebF53frne81cf0S9B41ByenJ3/IuH8yJKngAX35CmiZySA0khhkovshKK+jGCaMnVomla7gVlIcc3EvKPbTQ=="
    }
  }
}
